// !$*UTF8*$!
{
	archiveVersion = 1;
	classes = {
	};
	objectVersion = 48;
	objects = {

/* Begin PBXBuildFile section */
		E2548DC81FCBE3C300D265BF /* ELCharCharGoConstants.swift in Sources */ = {isa = PBXBuildFile; fileRef = E2A13F9F1FC93C6C00780505 /* ELCharCharGoConstants.swift */; };
		E2548DC91FCBE3C300D265BF /* ELListCollectionViewController+DelegateMethods.swift in Sources */ = {isa = PBXBuildFile; fileRef = E27F0E491FC2682600FD4064 /* ELListCollectionViewController+DelegateMethods.swift */; };
		E2548DCA1FCBE3C300D265BF /* ELCharacterDetailViewController.swift in Sources */ = {isa = PBXBuildFile; fileRef = E27F0E321FC0E12700FD4064 /* ELCharacterDetailViewController.swift */; };
		E2548DCB1FCBE3C300D265BF /* ELListFlowLayout.swift in Sources */ = {isa = PBXBuildFile; fileRef = E2A13F9A1FC8A06000780505 /* ELListFlowLayout.swift */; };
		E2548DCC1FCBE3C300D265BF /* ELCharacterProfile.swift in Sources */ = {isa = PBXBuildFile; fileRef = E27F0E461FC2613700FD4064 /* ELCharacterProfile.swift */; };
		E2548DCD1FCBE3C300D265BF /* ELAppDelegate.swift in Sources */ = {isa = PBXBuildFile; fileRef = E27F0E2E1FC0E12700FD4064 /* ELAppDelegate.swift */; };
		E2548DCE1FCBE3C300D265BF /* ELListCollectionViewController.swift in Sources */ = {isa = PBXBuildFile; fileRef = E27F0E4B1FC2693D00FD4064 /* ELListCollectionViewController.swift */; };
		E2548DCF1FCBE3C300D265BF /* ELNetworkManager.swift in Sources */ = {isa = PBXBuildFile; fileRef = E27F0E4F1FC2871D00FD4064 /* ELNetworkManager.swift */; };
		E2548DD01FCBE3C300D265BF /* ELGridFlowLayout.swift in Sources */ = {isa = PBXBuildFile; fileRef = E2A13F981FC88FE200780505 /* ELGridFlowLayout.swift */; };
		E2548DD11FCBE3C300D265BF /* ELFetchServices.swift in Sources */ = {isa = PBXBuildFile; fileRef = E27F0E431FC25C1100FD4064 /* ELFetchServices.swift */; };
		E2548DD21FCBE3C300D265BF /* ELCharacterProfileCollectionViewCell.swift in Sources */ = {isa = PBXBuildFile; fileRef = E27F0E4D1FC26C6600FD4064 /* ELCharacterProfileCollectionViewCell.swift */; };
		E2548DD51FCBE3C300D265BF /* LaunchScreen.storyboard in Resources */ = {isa = PBXBuildFile; fileRef = E27F0E391FC0E12700FD4064 /* LaunchScreen.storyboard */; };
		E2548DD61FCBE3C300D265BF /* selfie.png in Resources */ = {isa = PBXBuildFile; fileRef = E2A13F9C1FC8C71800780505 /* selfie.png */; };
		E2548DD71FCBE3C300D265BF /* Assets.xcassets in Resources */ = {isa = PBXBuildFile; fileRef = E27F0E371FC0E12700FD4064 /* Assets.xcassets */; };
		E2548DD81FCBE3C300D265BF /* Main.storyboard in Resources */ = {isa = PBXBuildFile; fileRef = E27F0E341FC0E12700FD4064 /* Main.storyboard */; };
		E27F0E2F1FC0E12700FD4064 /* ELAppDelegate.swift in Sources */ = {isa = PBXBuildFile; fileRef = E27F0E2E1FC0E12700FD4064 /* ELAppDelegate.swift */; };
		E27F0E331FC0E12700FD4064 /* ELCharacterDetailViewController.swift in Sources */ = {isa = PBXBuildFile; fileRef = E27F0E321FC0E12700FD4064 /* ELCharacterDetailViewController.swift */; };
		E27F0E361FC0E12700FD4064 /* Main.storyboard in Resources */ = {isa = PBXBuildFile; fileRef = E27F0E341FC0E12700FD4064 /* Main.storyboard */; };
		E27F0E381FC0E12700FD4064 /* Assets.xcassets in Resources */ = {isa = PBXBuildFile; fileRef = E27F0E371FC0E12700FD4064 /* Assets.xcassets */; };
		E27F0E3B1FC0E12700FD4064 /* LaunchScreen.storyboard in Resources */ = {isa = PBXBuildFile; fileRef = E27F0E391FC0E12700FD4064 /* LaunchScreen.storyboard */; };
		E27F0E441FC25C1100FD4064 /* ELFetchServices.swift in Sources */ = {isa = PBXBuildFile; fileRef = E27F0E431FC25C1100FD4064 /* ELFetchServices.swift */; };
		E27F0E471FC2613700FD4064 /* ELCharacterProfile.swift in Sources */ = {isa = PBXBuildFile; fileRef = E27F0E461FC2613700FD4064 /* ELCharacterProfile.swift */; };
		E27F0E4A1FC2682600FD4064 /* ELListCollectionViewController+DelegateMethods.swift in Sources */ = {isa = PBXBuildFile; fileRef = E27F0E491FC2682600FD4064 /* ELListCollectionViewController+DelegateMethods.swift */; };
		E27F0E4C1FC2693E00FD4064 /* ELListCollectionViewController.swift in Sources */ = {isa = PBXBuildFile; fileRef = E27F0E4B1FC2693D00FD4064 /* ELListCollectionViewController.swift */; };
		E27F0E4E1FC26C6600FD4064 /* ELCharacterProfileCollectionViewCell.swift in Sources */ = {isa = PBXBuildFile; fileRef = E27F0E4D1FC26C6600FD4064 /* ELCharacterProfileCollectionViewCell.swift */; };
		E27F0E501FC2871D00FD4064 /* ELNetworkManager.swift in Sources */ = {isa = PBXBuildFile; fileRef = E27F0E4F1FC2871D00FD4064 /* ELNetworkManager.swift */; };
		E2A13F991FC88FE200780505 /* ELGridFlowLayout.swift in Sources */ = {isa = PBXBuildFile; fileRef = E2A13F981FC88FE200780505 /* ELGridFlowLayout.swift */; };
		E2A13F9B1FC8A06000780505 /* ELListFlowLayout.swift in Sources */ = {isa = PBXBuildFile; fileRef = E2A13F9A1FC8A06000780505 /* ELListFlowLayout.swift */; };
		E2A13F9D1FC8C71900780505 /* selfie.png in Resources */ = {isa = PBXBuildFile; fileRef = E2A13F9C1FC8C71800780505 /* selfie.png */; };
		E2A13FA01FC93C6C00780505 /* ELCharCharGoConstants.swift in Sources */ = {isa = PBXBuildFile; fileRef = E2A13F9F1FC93C6C00780505 /* ELCharCharGoConstants.swift */; };
/* End PBXBuildFile section */

/* Begin PBXFileReference section */
		E2548DDC1FCBE3C300D265BF /* SeinfeldCharacters.app */ = {isa = PBXFileReference; explicitFileType = wrapper.application; includeInIndex = 0; path = SeinfeldCharacters.app; sourceTree = BUILT_PRODUCTS_DIR; };
		E2548DDD1FCBE3C300D265BF /* CharCharSeinfeldInfo.plist */ = {isa = PBXFileReference; lastKnownFileType = text.plist.xml; name = CharCharSeinfeldInfo.plist; path = /Users/edan/Documents/Developer/CharCharGo/CharCharGo/CharCharGo/CharCharSeinfeldInfo.plist; sourceTree = "<absolute>"; };
		E27F0E2B1FC0E12700FD4064 /* SimpsonsCharacters.app */ = {isa = PBXFileReference; explicitFileType = wrapper.application; includeInIndex = 0; path = SimpsonsCharacters.app; sourceTree = BUILT_PRODUCTS_DIR; };
		E27F0E2E1FC0E12700FD4064 /* ELAppDelegate.swift */ = {isa = PBXFileReference; lastKnownFileType = sourcecode.swift; path = ELAppDelegate.swift; sourceTree = "<group>"; };
		E27F0E321FC0E12700FD4064 /* ELCharacterDetailViewController.swift */ = {isa = PBXFileReference; lastKnownFileType = sourcecode.swift; path = ELCharacterDetailViewController.swift; sourceTree = "<group>"; };
		E27F0E351FC0E12700FD4064 /* Base */ = {isa = PBXFileReference; lastKnownFileType = file.storyboard; name = Base; path = Base.lproj/Main.storyboard; sourceTree = "<group>"; };
		E27F0E371FC0E12700FD4064 /* Assets.xcassets */ = {isa = PBXFileReference; lastKnownFileType = folder.assetcatalog; path = Assets.xcassets; sourceTree = "<group>"; };
		E27F0E3A1FC0E12700FD4064 /* Base */ = {isa = PBXFileReference; lastKnownFileType = file.storyboard; name = Base; path = Base.lproj/LaunchScreen.storyboard; sourceTree = "<group>"; };
		E27F0E3C1FC0E12700FD4064 /* CharCharSimpsonsInfo.plist */ = {isa = PBXFileReference; lastKnownFileType = text.plist.xml; path = CharCharSimpsonsInfo.plist; sourceTree = "<group>"; };
		E27F0E431FC25C1100FD4064 /* ELFetchServices.swift */ = {isa = PBXFileReference; lastKnownFileType = sourcecode.swift; path = ELFetchServices.swift; sourceTree = "<group>"; };
		E27F0E461FC2613700FD4064 /* ELCharacterProfile.swift */ = {isa = PBXFileReference; lastKnownFileType = sourcecode.swift; path = ELCharacterProfile.swift; sourceTree = "<group>"; };
		E27F0E491FC2682600FD4064 /* ELListCollectionViewController+DelegateMethods.swift */ = {isa = PBXFileReference; lastKnownFileType = sourcecode.swift; path = "ELListCollectionViewController+DelegateMethods.swift"; sourceTree = "<group>"; };
		E27F0E4B1FC2693D00FD4064 /* ELListCollectionViewController.swift */ = {isa = PBXFileReference; lastKnownFileType = sourcecode.swift; path = ELListCollectionViewController.swift; sourceTree = "<group>"; };
		E27F0E4D1FC26C6600FD4064 /* ELCharacterProfileCollectionViewCell.swift */ = {isa = PBXFileReference; lastKnownFileType = sourcecode.swift; path = ELCharacterProfileCollectionViewCell.swift; sourceTree = "<group>"; };
		E27F0E4F1FC2871D00FD4064 /* ELNetworkManager.swift */ = {isa = PBXFileReference; lastKnownFileType = sourcecode.swift; path = ELNetworkManager.swift; sourceTree = "<group>"; };
		E2A13F981FC88FE200780505 /* ELGridFlowLayout.swift */ = {isa = PBXFileReference; lastKnownFileType = sourcecode.swift; path = ELGridFlowLayout.swift; sourceTree = "<group>"; };
		E2A13F9A1FC8A06000780505 /* ELListFlowLayout.swift */ = {isa = PBXFileReference; lastKnownFileType = sourcecode.swift; path = ELListFlowLayout.swift; sourceTree = "<group>"; };
		E2A13F9C1FC8C71800780505 /* selfie.png */ = {isa = PBXFileReference; lastKnownFileType = image.png; name = selfie.png; path = Assets.xcassets/selfie.png; sourceTree = "<group>"; };
		E2A13F9F1FC93C6C00780505 /* ELCharCharGoConstants.swift */ = {isa = PBXFileReference; lastKnownFileType = sourcecode.swift; path = ELCharCharGoConstants.swift; sourceTree = "<group>"; };
/* End PBXFileReference section */

/* Begin PBXFrameworksBuildPhase section */
		E2548DD31FCBE3C300D265BF /* Frameworks */ = {
			isa = PBXFrameworksBuildPhase;
			buildActionMask = 2147483647;
			files = (
			);
			runOnlyForDeploymentPostprocessing = 0;
		};
		E27F0E281FC0E12700FD4064 /* Frameworks */ = {
			isa = PBXFrameworksBuildPhase;
			buildActionMask = 2147483647;
			files = (
			);
			runOnlyForDeploymentPostprocessing = 0;
		};
/* End PBXFrameworksBuildPhase section */

/* Begin PBXGroup section */
		E27F0E221FC0E12700FD4064 = {
			isa = PBXGroup;
			children = (
				E27F0E2D1FC0E12700FD4064 /* CharCharGo */,
				E27F0E2C1FC0E12700FD4064 /* Products */,
			);
			sourceTree = "<group>";
		};
		E27F0E2C1FC0E12700FD4064 /* Products */ = {
			isa = PBXGroup;
			children = (
				E27F0E2B1FC0E12700FD4064 /* SimpsonsCharacters.app */,
				E2548DDC1FCBE3C300D265BF /* SeinfeldCharacters.app */,
			);
			name = Products;
			sourceTree = "<group>";
		};
		E27F0E2D1FC0E12700FD4064 /* CharCharGo */ = {
			isa = PBXGroup;
			children = (
				E27F0E2E1FC0E12700FD4064 /* ELAppDelegate.swift */,
				E2A13F9E1FC93C4600780505 /* Target Constants */,
				E27F0E451FC2610D00FD4064 /* Models */,
				E27F0E421FC25AFA00FD4064 /* Networking */,
				E27F0E481FC2662C00FD4064 /* ListViewController */,
				E27F0E321FC0E12700FD4064 /* ELCharacterDetailViewController.swift */,
				E27F0E341FC0E12700FD4064 /* Main.storyboard */,
				E27F0E371FC0E12700FD4064 /* Assets.xcassets */,
				E27F0E391FC0E12700FD4064 /* LaunchScreen.storyboard */,
				E2A13F9C1FC8C71800780505 /* selfie.png */,
				E27F0E3C1FC0E12700FD4064 /* CharCharSimpsonsInfo.plist */,
				E2548DDD1FCBE3C300D265BF /* CharCharSeinfeldInfo.plist */,
			);
			path = CharCharGo;
			sourceTree = "<group>";
		};
		E27F0E421FC25AFA00FD4064 /* Networking */ = {
			isa = PBXGroup;
			children = (
				E27F0E431FC25C1100FD4064 /* ELFetchServices.swift */,
				E27F0E4F1FC2871D00FD4064 /* ELNetworkManager.swift */,
			);
			path = Networking;
			sourceTree = "<group>";
		};
		E27F0E451FC2610D00FD4064 /* Models */ = {
			isa = PBXGroup;
			children = (
				E27F0E461FC2613700FD4064 /* ELCharacterProfile.swift */,
			);
			path = Models;
			sourceTree = "<group>";
		};
		E27F0E481FC2662C00FD4064 /* ListViewController */ = {
			isa = PBXGroup;
			children = (
				E27F0E4B1FC2693D00FD4064 /* ELListCollectionViewController.swift */,
				E27F0E491FC2682600FD4064 /* ELListCollectionViewController+DelegateMethods.swift */,
				E27F0E4D1FC26C6600FD4064 /* ELCharacterProfileCollectionViewCell.swift */,
				E2A13F981FC88FE200780505 /* ELGridFlowLayout.swift */,
				E2A13F9A1FC8A06000780505 /* ELListFlowLayout.swift */,
			);
			path = ListViewController;
			sourceTree = "<group>";
		};
		E2A13F9E1FC93C4600780505 /* Target Constants */ = {
			isa = PBXGroup;
			children = (
				E2A13F9F1FC93C6C00780505 /* ELCharCharGoConstants.swift */,
			);
			path = "Target Constants";
			sourceTree = "<group>";
		};
/* End PBXGroup section */

/* Begin PBXNativeTarget section */
		E2548DC61FCBE3C300D265BF /* SeinfeldCharacters */ = {
			isa = PBXNativeTarget;
			buildConfigurationList = E2548DD91FCBE3C300D265BF /* Build configuration list for PBXNativeTarget "SeinfeldCharacters" */;
			buildPhases = (
				E2548DC71FCBE3C300D265BF /* Sources */,
				E2548DD31FCBE3C300D265BF /* Frameworks */,
				E2548DD41FCBE3C300D265BF /* Resources */,
			);
			buildRules = (
			);
			dependencies = (
			);
			name = SeinfeldCharacters;
			productName = CharCharGo;
			productReference = E2548DDC1FCBE3C300D265BF /* SeinfeldCharacters.app */;
			productType = "com.apple.product-type.application";
		};
		E27F0E2A1FC0E12700FD4064 /* SimpsonsCharacters */ = {
			isa = PBXNativeTarget;
			buildConfigurationList = E27F0E3F1FC0E12700FD4064 /* Build configuration list for PBXNativeTarget "SimpsonsCharacters" */;
			buildPhases = (
				E27F0E271FC0E12700FD4064 /* Sources */,
				E27F0E281FC0E12700FD4064 /* Frameworks */,
				E27F0E291FC0E12700FD4064 /* Resources */,
			);
			buildRules = (
			);
			dependencies = (
			);
			name = SimpsonsCharacters;
			productName = CharCharGo;
			productReference = E27F0E2B1FC0E12700FD4064 /* SimpsonsCharacters.app */;
			productType = "com.apple.product-type.application";
		};
/* End PBXNativeTarget section */

/* Begin PBXProject section */
		E27F0E231FC0E12700FD4064 /* Project object */ = {
			isa = PBXProject;
			attributes = {
				LastSwiftUpdateCheck = 0910;
				LastUpgradeCheck = 0910;
				ORGANIZATIONNAME = Ruckt;
				TargetAttributes = {
					E2548DC61FCBE3C300D265BF = {
						ProvisioningStyle = Automatic;
					};
					E27F0E2A1FC0E12700FD4064 = {
						CreatedOnToolsVersion = 9.1;
						ProvisioningStyle = Automatic;
					};
				};
			};
			buildConfigurationList = E27F0E261FC0E12700FD4064 /* Build configuration list for PBXProject "CharCharGo" */;
			compatibilityVersion = "Xcode 8.0";
			developmentRegion = en;
			hasScannedForEncodings = 0;
			knownRegions = (
				en,
				Base,
			);
			mainGroup = E27F0E221FC0E12700FD4064;
			productRefGroup = E27F0E2C1FC0E12700FD4064 /* Products */;
			projectDirPath = "";
			projectRoot = "";
			targets = (
				E27F0E2A1FC0E12700FD4064 /* SimpsonsCharacters */,
				E2548DC61FCBE3C300D265BF /* SeinfeldCharacters */,
			);
		};
/* End PBXProject section */

/* Begin PBXResourcesBuildPhase section */
		E2548DD41FCBE3C300D265BF /* Resources */ = {
			isa = PBXResourcesBuildPhase;
			buildActionMask = 2147483647;
			files = (
				E2548DD51FCBE3C300D265BF /* LaunchScreen.storyboard in Resources */,
				E2548DD61FCBE3C300D265BF /* selfie.png in Resources */,
				E2548DD71FCBE3C300D265BF /* Assets.xcassets in Resources */,
				E2548DD81FCBE3C300D265BF /* Main.storyboard in Resources */,
			);
			runOnlyForDeploymentPostprocessing = 0;
		};
		E27F0E291FC0E12700FD4064 /* Resources */ = {
			isa = PBXResourcesBuildPhase;
			buildActionMask = 2147483647;
			files = (
				E27F0E3B1FC0E12700FD4064 /* LaunchScreen.storyboard in Resources */,
				E2A13F9D1FC8C71900780505 /* selfie.png in Resources */,
				E27F0E381FC0E12700FD4064 /* Assets.xcassets in Resources */,
				E27F0E361FC0E12700FD4064 /* Main.storyboard in Resources */,
			);
			runOnlyForDeploymentPostprocessing = 0;
		};
/* End PBXResourcesBuildPhase section */

/* Begin PBXSourcesBuildPhase section */
		E2548DC71FCBE3C300D265BF /* Sources */ = {
			isa = PBXSourcesBuildPhase;
			buildActionMask = 2147483647;
			files = (
				E2548DC81FCBE3C300D265BF /* ELCharCharGoConstants.swift in Sources */,
				E2548DC91FCBE3C300D265BF /* ELListCollectionViewController+DelegateMethods.swift in Sources */,
				E2548DCA1FCBE3C300D265BF /* ELCharacterDetailViewController.swift in Sources */,
				E2548DCB1FCBE3C300D265BF /* ELListFlowLayout.swift in Sources */,
				E2548DCC1FCBE3C300D265BF /* ELCharacterProfile.swift in Sources */,
				E2548DCD1FCBE3C300D265BF /* ELAppDelegate.swift in Sources */,
				E2548DCE1FCBE3C300D265BF /* ELListCollectionViewController.swift in Sources */,
				E2548DCF1FCBE3C300D265BF /* ELNetworkManager.swift in Sources */,
				E2548DD01FCBE3C300D265BF /* ELGridFlowLayout.swift in Sources */,
				E2548DD11FCBE3C300D265BF /* ELFetchServices.swift in Sources */,
				E2548DD21FCBE3C300D265BF /* ELCharacterProfileCollectionViewCell.swift in Sources */,
			);
			runOnlyForDeploymentPostprocessing = 0;
		};
		E27F0E271FC0E12700FD4064 /* Sources */ = {
			isa = PBXSourcesBuildPhase;
			buildActionMask = 2147483647;
			files = (
				E2A13FA01FC93C6C00780505 /* ELCharCharGoConstants.swift in Sources */,
				E27F0E4A1FC2682600FD4064 /* ELListCollectionViewController+DelegateMethods.swift in Sources */,
				E27F0E331FC0E12700FD4064 /* ELCharacterDetailViewController.swift in Sources */,
				E2A13F9B1FC8A06000780505 /* ELListFlowLayout.swift in Sources */,
				E27F0E471FC2613700FD4064 /* ELCharacterProfile.swift in Sources */,
				E27F0E2F1FC0E12700FD4064 /* ELAppDelegate.swift in Sources */,
				E27F0E4C1FC2693E00FD4064 /* ELListCollectionViewController.swift in Sources */,
				E27F0E501FC2871D00FD4064 /* ELNetworkManager.swift in Sources */,
				E2A13F991FC88FE200780505 /* ELGridFlowLayout.swift in Sources */,
				E27F0E441FC25C1100FD4064 /* ELFetchServices.swift in Sources */,
				E27F0E4E1FC26C6600FD4064 /* ELCharacterProfileCollectionViewCell.swift in Sources */,
			);
			runOnlyForDeploymentPostprocessing = 0;
		};
/* End PBXSourcesBuildPhase section */

/* Begin PBXVariantGroup section */
		E27F0E341FC0E12700FD4064 /* Main.storyboard */ = {
			isa = PBXVariantGroup;
			children = (
				E27F0E351FC0E12700FD4064 /* Base */,
			);
			name = Main.storyboard;
			sourceTree = "<group>";
		};
		E27F0E391FC0E12700FD4064 /* LaunchScreen.storyboard */ = {
			isa = PBXVariantGroup;
			children = (
				E27F0E3A1FC0E12700FD4064 /* Base */,
			);
			name = LaunchScreen.storyboard;
			sourceTree = "<group>";
		};
/* End PBXVariantGroup section */

/* Begin XCBuildConfiguration section */
		E2548DDA1FCBE3C300D265BF /* Debug */ = {
			isa = XCBuildConfiguration;
			buildSettings = {
				ASSETCATALOG_COMPILER_APPICON_NAME = AppIcon;
				CODE_SIGN_STYLE = Automatic;
				DEVELOPMENT_TEAM = 266QWC925V;
				INFOPLIST_FILE = "$(SRCROOT)/CharCharGo/CharCharSeinfeldInfo.plist";
				LD_RUNPATH_SEARCH_PATHS = "$(inherited) @executable_path/Frameworks";
				OTHER_SWIFT_FLAGS = "-DSEINFELD";
				PRODUCT_BUNDLE_IDENTIFIER = com.ruckt.CharCharSeinfeld;
				PRODUCT_NAME = "$(TARGET_NAME)";
				SWIFT_VERSION = 4.0;
				TARGETED_DEVICE_FAMILY = "1,2";
			};
			name = Debug;
		};
		E2548DDB1FCBE3C300D265BF /* Release */ = {
			isa = XCBuildConfiguration;
			buildSettings = {
				ASSETCATALOG_COMPILER_APPICON_NAME = AppIcon;
				CODE_SIGN_STYLE = Automatic;
				DEVELOPMENT_TEAM = 266QWC925V;
				INFOPLIST_FILE = "$(SRCROOT)/CharCharGo/CharCharSeinfeldInfo.plist";
				LD_RUNPATH_SEARCH_PATHS = "$(inherited) @executable_path/Frameworks";
				OTHER_SWIFT_FLAGS = "-DSEINFELD";
				PRODUCT_BUNDLE_IDENTIFIER = com.ruckt.CharCharSeinfeld;
				PRODUCT_NAME = "$(TARGET_NAME)";
				SWIFT_VERSION = 4.0;
				TARGETED_DEVICE_FAMILY = "1,2";
			};
			name = Release;
		};
		E27F0E3D1FC0E12700FD4064 /* Debug */ = {
			isa = XCBuildConfiguration;
			buildSettings = {
				ALWAYS_SEARCH_USER_PATHS = NO;
				CLANG_ANALYZER_NONNULL = YES;
				CLANG_ANALYZER_NUMBER_OBJECT_CONVERSION = YES_AGGRESSIVE;
				CLANG_CXX_LANGUAGE_STANDARD = "gnu++14";
				CLANG_CXX_LIBRARY = "libc++";
				CLANG_ENABLE_MODULES = YES;
				CLANG_ENABLE_OBJC_ARC = YES;
				CLANG_WARN_BLOCK_CAPTURE_AUTORELEASING = YES;
				CLANG_WARN_BOOL_CONVERSION = YES;
				CLANG_WARN_COMMA = YES;
				CLANG_WARN_CONSTANT_CONVERSION = YES;
				CLANG_WARN_DIRECT_OBJC_ISA_USAGE = YES_ERROR;
				CLANG_WARN_DOCUMENTATION_COMMENTS = YES;
				CLANG_WARN_EMPTY_BODY = YES;
				CLANG_WARN_ENUM_CONVERSION = YES;
				CLANG_WARN_INFINITE_RECURSION = YES;
				CLANG_WARN_INT_CONVERSION = YES;
				CLANG_WARN_NON_LITERAL_NULL_CONVERSION = YES;
				CLANG_WARN_OBJC_LITERAL_CONVERSION = YES;
				CLANG_WARN_OBJC_ROOT_CLASS = YES_ERROR;
				CLANG_WARN_RANGE_LOOP_ANALYSIS = YES;
				CLANG_WARN_STRICT_PROTOTYPES = YES;
				CLANG_WARN_SUSPICIOUS_MOVE = YES;
				CLANG_WARN_UNGUARDED_AVAILABILITY = YES_AGGRESSIVE;
				CLANG_WARN_UNREACHABLE_CODE = YES;
				CLANG_WARN__DUPLICATE_METHOD_MATCH = YES;
				CODE_SIGN_IDENTITY = "iPhone Developer";
				COPY_PHASE_STRIP = NO;
				DEBUG_INFORMATION_FORMAT = dwarf;
				ENABLE_STRICT_OBJC_MSGSEND = YES;
				ENABLE_TESTABILITY = YES;
				GCC_C_LANGUAGE_STANDARD = gnu11;
				GCC_DYNAMIC_NO_PIC = NO;
				GCC_NO_COMMON_BLOCKS = YES;
				GCC_OPTIMIZATION_LEVEL = 0;
				GCC_PREPROCESSOR_DEFINITIONS = (
					"DEBUG=1",
					"$(inherited)",
				);
				GCC_WARN_64_TO_32_BIT_CONVERSION = YES;
				GCC_WARN_ABOUT_RETURN_TYPE = YES_ERROR;
				GCC_WARN_UNDECLARED_SELECTOR = YES;
				GCC_WARN_UNINITIALIZED_AUTOS = YES_AGGRESSIVE;
				GCC_WARN_UNUSED_FUNCTION = YES;
				GCC_WARN_UNUSED_VARIABLE = YES;
				IPHONEOS_DEPLOYMENT_TARGET = 11.1;
				MTL_ENABLE_DEBUG_INFO = YES;
				ONLY_ACTIVE_ARCH = YES;
				SDKROOT = iphoneos;
				SWIFT_ACTIVE_COMPILATION_CONDITIONS = DEBUG;
				SWIFT_OPTIMIZATION_LEVEL = "-Onone";
			};
			name = Debug;
		};
		E27F0E3E1FC0E12700FD4064 /* Release */ = {
			isa = XCBuildConfiguration;
			buildSettings = {
				ALWAYS_SEARCH_USER_PATHS = NO;
				CLANG_ANALYZER_NONNULL = YES;
				CLANG_ANALYZER_NUMBER_OBJECT_CONVERSION = YES_AGGRESSIVE;
				CLANG_CXX_LANGUAGE_STANDARD = "gnu++14";
				CLANG_CXX_LIBRARY = "libc++";
				CLANG_ENABLE_MODULES = YES;
				CLANG_ENABLE_OBJC_ARC = YES;
				CLANG_WARN_BLOCK_CAPTURE_AUTORELEASING = YES;
				CLANG_WARN_BOOL_CONVERSION = YES;
				CLANG_WARN_COMMA = YES;
				CLANG_WARN_CONSTANT_CONVERSION = YES;
				CLANG_WARN_DIRECT_OBJC_ISA_USAGE = YES_ERROR;
				CLANG_WARN_DOCUMENTATION_COMMENTS = YES;
				CLANG_WARN_EMPTY_BODY = YES;
				CLANG_WARN_ENUM_CONVERSION = YES;
				CLANG_WARN_INFINITE_RECURSION = YES;
				CLANG_WARN_INT_CONVERSION = YES;
				CLANG_WARN_NON_LITERAL_NULL_CONVERSION = YES;
				CLANG_WARN_OBJC_LITERAL_CONVERSION = YES;
				CLANG_WARN_OBJC_ROOT_CLASS = YES_ERROR;
				CLANG_WARN_RANGE_LOOP_ANALYSIS = YES;
				CLANG_WARN_STRICT_PROTOTYPES = YES;
				CLANG_WARN_SUSPICIOUS_MOVE = YES;
				CLANG_WARN_UNGUARDED_AVAILABILITY = YES_AGGRESSIVE;
				CLANG_WARN_UNREACHABLE_CODE = YES;
				CLANG_WARN__DUPLICATE_METHOD_MATCH = YES;
				CODE_SIGN_IDENTITY = "iPhone Developer";
				COPY_PHASE_STRIP = NO;
				DEBUG_INFORMATION_FORMAT = "dwarf-with-dsym";
				ENABLE_NS_ASSERTIONS = NO;
				ENABLE_STRICT_OBJC_MSGSEND = YES;
				GCC_C_LANGUAGE_STANDARD = gnu11;
				GCC_NO_COMMON_BLOCKS = YES;
				GCC_WARN_64_TO_32_BIT_CONVERSION = YES;
				GCC_WARN_ABOUT_RETURN_TYPE = YES_ERROR;
				GCC_WARN_UNDECLARED_SELECTOR = YES;
				GCC_WARN_UNINITIALIZED_AUTOS = YES_AGGRESSIVE;
				GCC_WARN_UNUSED_FUNCTION = YES;
				GCC_WARN_UNUSED_VARIABLE = YES;
				IPHONEOS_DEPLOYMENT_TARGET = 11.1;
				MTL_ENABLE_DEBUG_INFO = NO;
				SDKROOT = iphoneos;
				SWIFT_OPTIMIZATION_LEVEL = "-Owholemodule";
				VALIDATE_PRODUCT = YES;
			};
			name = Release;
		};
		E27F0E401FC0E12700FD4064 /* Debug */ = {
			isa = XCBuildConfiguration;
			buildSettings = {
				ASSETCATALOG_COMPILER_APPICON_NAME = AppIcon;
				CODE_SIGN_STYLE = Automatic;
				DEVELOPMENT_TEAM = 266QWC925V;
				INFOPLIST_FILE = "$(SRCROOT)/CharCharGo/CharCharSimpsonsInfo.plist";
				LD_RUNPATH_SEARCH_PATHS = "$(inherited) @executable_path/Frameworks";
				OTHER_SWIFT_FLAGS = "$(inherited) -D SIMPSONS";
				PRODUCT_BUNDLE_IDENTIFIER = com.ruckt.CharCharSimpsons;
				PRODUCT_NAME = "$(TARGET_NAME)";
				SWIFT_VERSION = 4.0;
				TARGETED_DEVICE_FAMILY = "1,2";
			};
			name = Debug;
		};
		E27F0E411FC0E12700FD4064 /* Release */ = {
			isa = XCBuildConfiguration;
			buildSettings = {
				ASSETCATALOG_COMPILER_APPICON_NAME = AppIcon;
				CODE_SIGN_STYLE = Automatic;
				DEVELOPMENT_TEAM = 266QWC925V;
				INFOPLIST_FILE = "$(SRCROOT)/CharCharGo/CharCharSimpsonsInfo.plist";
				LD_RUNPATH_SEARCH_PATHS = "$(inherited) @executable_path/Frameworks";
				OTHER_SWIFT_FLAGS = "$(inherited) -D SIMPSONS";
				PRODUCT_BUNDLE_IDENTIFIER = com.ruckt.CharCharSimpsons;
				PRODUCT_NAME = "$(TARGET_NAME)";
				SWIFT_VERSION = 4.0;
				TARGETED_DEVICE_FAMILY = "1,2";
			};
			name = Release;
		};
/* End XCBuildConfiguration section */

/* Begin XCConfigurationList section */
		E2548DD91FCBE3C300D265BF /* Build configuration list for PBXNativeTarget "SeinfeldCharacters" */ = {
			isa = XCConfigurationList;
			buildConfigurations = (
				E2548DDA1FCBE3C300D265BF /* Debug */,
				E2548DDB1FCBE3C300D265BF /* Release */,
			);
			defaultConfigurationIsVisible = 0;
			defaultConfigurationName = Release;
		};
		E27F0E261FC0E12700FD4064 /* Build configuration list for PBXProject "CharCharGo" */ = {
			isa = XCConfigurationList;
			buildConfigurations = (
				E27F0E3D1FC0E12700FD4064 /* Debug */,
				E27F0E3E1FC0E12700FD4064 /* Release */,
			);
			defaultConfigurationIsVisible = 0;
			defaultConfigurationName = Release;
		};
		E27F0E3F1FC0E12700FD4064 /* Build configuration list for PBXNativeTarget "SimpsonsCharacters" */ = {
			isa = XCConfigurationList;
			buildConfigurations = (
				E27F0E401FC0E12700FD4064 /* Debug */,
				E27F0E411FC0E12700FD4064 /* Release */,
			);
			defaultConfigurationIsVisible = 0;
			defaultConfigurationName = Release;
		};
/* End XCConfigurationList section */
	};
	rootObject = E27F0E231FC0E12700FD4064 /* Project object */;
}
